
Microsoft Visual Studio Solution File, Format Version 12.00
# Visual Studio 15
VisualStudioVersion = 15.0.26124.0
MinimumVisualStudioVersion = 15.0.26124.0
Project("{2150E333-8FDC-42A3-9474-1A3956D46DE8}") = "source", "source", "{32D51D7E-DEE4-4E73-9DD2-CF26EFD341D5}"
EndProject
Project("{FAE04EC0-301F-11D3-BF4B-00C04F79EFBC}") = "DeepL", "source\DeepL\DeepL.csproj", "{70455CB0-2727-4BDF-B437-A3C4BDCA5D77}"
EndProject
Project("{FAE04EC0-301F-11D3-BF4B-00C04F79EFBC}") = "DeepL.Sample", "source\DeepL.Sample\DeepL.Sample.csproj", "{4218C082-2259-4475-A359-3C134077B865}"
EndProject
Global
	GlobalSection(SolutionConfigurationPlatforms) = preSolution
		Debug|Any CPU = Debug|Any CPU
		Debug|x64 = Debug|x64
		Debug|x86 = Debug|x86
		Release|Any CPU = Release|Any CPU
		Release|x64 = Release|x64
		Release|x86 = Release|x86
	EndGlobalSection
	GlobalSection(SolutionProperties) = preSolution
		HideSolutionNode = FALSE
	EndGlobalSection
	GlobalSection(ProjectConfigurationPlatforms) = postSolution
		{70455CB0-2727-4BDF-B437-A3C4BDCA5D77}.Debug|Any CPU.ActiveCfg = Debug|Any CPU
		{70455CB0-2727-4BDF-B437-A3C4BDCA5D77}.Debug|Any CPU.Build.0 = Debug|Any CPU
		{70455CB0-2727-4BDF-B437-A3C4BDCA5D77}.Debug|x64.ActiveCfg = Debug|Any CPU
		{70455CB0-2727-4BDF-B437-A3C4BDCA5D77}.Debug|x64.Build.0 = Debug|Any CPU
		{70455CB0-2727-4BDF-B437-A3C4BDCA5D77}.Debug|x86.ActiveCfg = Debug|Any CPU
		{70455CB0-2727-4BDF-B437-A3C4BDCA5D77}.Debug|x86.Build.0 = Debug|Any CPU
		{70455CB0-2727-4BDF-B437-A3C4BDCA5D77}.Release|Any CPU.ActiveCfg = Release|Any CPU
		{70455CB0-2727-4BDF-B437-A3C4BDCA5D77}.Release|Any CPU.Build.0 = Release|Any CPU
		{70455CB0-2727-4BDF-B437-A3C4BDCA5D77}.Release|x64.ActiveCfg = Release|Any CPU
		{70455CB0-2727-4BDF-B437-A3C4BDCA5D77}.Release|x64.Build.0 = Release|Any CPU
		{70455CB0-2727-4BDF-B437-A3C4BDCA5D77}.Release|x86.ActiveCfg = Release|Any CPU
		{70455CB0-2727-4BDF-B437-A3C4BDCA5D77}.Release|x86.Build.0 = Release|Any CPU
		{4218C082-2259-4475-A359-3C134077B865}.Debug|Any CPU.ActiveCfg = Debug|Any CPU
		{4218C082-2259-4475-A359-3C134077B865}.Debug|Any CPU.Build.0 = Debug|Any CPU
		{4218C082-2259-4475-A359-3C134077B865}.Debug|x64.ActiveCfg = Debug|Any CPU
		{4218C082-2259-4475-A359-3C134077B865}.Debug|x64.Build.0 = Debug|Any CPU
		{4218C082-2259-4475-A359-3C134077B865}.Debug|x86.ActiveCfg = Debug|Any CPU
		{4218C082-2259-4475-A359-3C134077B865}.Debug|x86.Build.0 = Debug|Any CPU
		{4218C082-2259-4475-A359-3C134077B865}.Release|Any CPU.ActiveCfg = Release|Any CPU
		{4218C082-2259-4475-A359-3C134077B865}.Release|Any CPU.Build.0 = Release|Any CPU
		{4218C082-2259-4475-A359-3C134077B865}.Release|x64.ActiveCfg = Release|Any CPU
		{4218C082-2259-4475-A359-3C134077B865}.Release|x64.Build.0 = Release|Any CPU
		{4218C082-2259-4475-A359-3C134077B865}.Release|x86.ActiveCfg = Release|Any CPU
		{4218C082-2259-4475-A359-3C134077B865}.Release|x86.Build.0 = Release|Any CPU
	EndGlobalSection
	GlobalSection(NestedProjects) = preSolution
		{70455CB0-2727-4BDF-B437-A3C4BDCA5D77} = {32D51D7E-DEE4-4E73-9DD2-CF26EFD341D5}
		{4218C082-2259-4475-A359-3C134077B865} = {32D51D7E-DEE4-4E73-9DD2-CF26EFD341D5}
	EndGlobalSection
EndGlobal
